
Microsoft Visual Studio Solution File, Format Version 12.00
Project("{FAE04EC0-301F-11D3-BF4B-00C04F79EFBC}") = "ConsoleSesion4", "ConsoleSesion4\ConsoleSesion4.csproj", "{99F40EBD-7144-4246-A693-40E3AD90D63D}"
EndProject
Global
	GlobalSection(SolutionConfigurationPlatforms) = preSolution
		Debug|Any CPU = Debug|Any CPU
		Release|Any CPU = Release|Any CPU
	EndGlobalSection
	GlobalSection(ProjectConfigurationPlatforms) = postSolution
		{99F40EBD-7144-4246-A693-40E3AD90D63D}.Debug|Any CPU.ActiveCfg = Debug|Any CPU
		{99F40EBD-7144-4246-A693-40E3AD90D63D}.Debug|Any CPU.Build.0 = Debug|Any CPU
		{99F40EBD-7144-4246-A693-40E3AD90D63D}.Release|Any CPU.ActiveCfg = Release|Any CPU
		{99F40EBD-7144-4246-A693-40E3AD90D63D}.Release|Any CPU.Build.0 = Release|Any CPU
	EndGlobalSection
EndGlobal
